// !$*UTF8*$!
{
	archiveVersion = 1;
	classes = {
	};
	objectVersion = 46;
	objects = {

/* Begin PBXBuildFile section */
		3632CEA8179D9F5E00AD10C8 /* OLL.m in Sources */ = {isa = PBXBuildFile; fileRef = 3632CEA7179D9F5E00AD10C8 /* OLL.m */; };
		36A2ED171799AE27004599CE /* OLLStoryboard.storyboard in Resources */ = {isa = PBXBuildFile; fileRef = 36A2ED161799AE27004599CE /* OLLStoryboard.storyboard */; };
		36A2ED191799AE36004599CE /* PLLStoryboard.storyboard in Resources */ = {isa = PBXBuildFile; fileRef = 36A2ED181799AE35004599CE /* PLLStoryboard.storyboard */; };
		36A2ED1E1799AF3D004599CE /* MainMenuViewController.m in Sources */ = {isa = PBXBuildFile; fileRef = 36A2ED1D1799AF3D004599CE /* MainMenuViewController.m */; };
		36A2ED2B1799C07B004599CE /* SettingsViewController.m in Sources */ = {isa = PBXBuildFile; fileRef = 36A2ED2A1799C07B004599CE /* SettingsViewController.m */; };
		36A2ED341799C165004599CE /* OLLDetailViewController.m in Sources */ = {isa = PBXBuildFile; fileRef = 36A2ED331799C165004599CE /* OLLDetailViewController.m */; };
		36A2ED371799C1B6004599CE /* OLLStatsViewController.m in Sources */ = {isa = PBXBuildFile; fileRef = 36A2ED361799C1B6004599CE /* OLLStatsViewController.m */; };
		36A2ED3B1799C26D004599CE /* WalkthroughViewController.m in Sources */ = {isa = PBXBuildFile; fileRef = 36A2ED3A1799C26D004599CE /* WalkthroughViewController.m */; };
		36A2ED3E1799C27B004599CE /* DebriefViewController.m in Sources */ = {isa = PBXBuildFile; fileRef = 36A2ED3D1799C27B004599CE /* DebriefViewController.m */; };
		4C1E2F5217965E7A006B7A7A /* QuartzCore.framework in Frameworks */ = {isa = PBXBuildFile; fileRef = 4C1E2F5117965E7A006B7A7A /* QuartzCore.framework */; };
		4C3ACC991798BFD300772067 /* StorageManager.m in Sources */ = {isa = PBXBuildFile; fileRef = 4C3ACC8D1798BFD300772067 /* StorageManager.m */; };
		4C3ACC9A1798BFD300772067 /* AlgorithmData.xcdatamodeld in Sources */ = {isa = PBXBuildFile; fileRef = 4C3ACC8F1798BFD300772067 /* AlgorithmData.xcdatamodeld */; };
		4C3ACC9B1798BFD300772067 /* PLL.m in Sources */ = {isa = PBXBuildFile; fileRef = 4C3ACC921798BFD300772067 /* PLL.m */; };
		4C3ACC9C1798BFD300772067 /* UserPLL.m in Sources */ = {isa = PBXBuildFile; fileRef = 4C3ACC941798BFD300772067 /* UserPLL.m */; };
		4C3ACC9E1798BFD300772067 /* UserOLL.m in Sources */ = {isa = PBXBuildFile; fileRef = 4C3ACC981798BFD300772067 /* UserOLL.m */; };
		4C3ACCA11798C05900772067 /* CoreData.framework in Frameworks */ = {isa = PBXBuildFile; fileRef = 4C3ACCA01798C05900772067 /* CoreData.framework */; };
		4C5FDAF4179E3FAD004D1A02 /* ImportOLL.sqlite in Resources */ = {isa = PBXBuildFile; fileRef = 4C5FDAF3179E3FAD004D1A02 /* ImportOLL.sqlite */; };
		4C824F4917964F5800C73849 /* Foundation.framework in Frameworks */ = {isa = PBXBuildFile; fileRef = 4C824F4817964F5800C73849 /* Foundation.framework */; };
		4C824F4B17964F5800C73849 /* CoreGraphics.framework in Frameworks */ = {isa = PBXBuildFile; fileRef = 4C824F4A17964F5800C73849 /* CoreGraphics.framework */; };
		4C824F4D17964F5800C73849 /* UIKit.framework in Frameworks */ = {isa = PBXBuildFile; fileRef = 4C824F4C17964F5800C73849 /* UIKit.framework */; };
		4C824F5317964F5800C73849 /* InfoPlist.strings in Resources */ = {isa = PBXBuildFile; fileRef = 4C824F5117964F5800C73849 /* InfoPlist.strings */; };
		4C824F5517964F5800C73849 /* main.m in Sources */ = {isa = PBXBuildFile; fileRef = 4C824F5417964F5800C73849 /* main.m */; };
		4C824F5917964F5800C73849 /* AppDelegate.m in Sources */ = {isa = PBXBuildFile; fileRef = 4C824F5817964F5800C73849 /* AppDelegate.m */; };
		4C824F5C17964F5800C73849 /* Main.storyboard in Resources */ = {isa = PBXBuildFile; fileRef = 4C824F5A17964F5800C73849 /* Main.storyboard */; };
		4C824F6117964F5800C73849 /* Images.xcassets in Resources */ = {isa = PBXBuildFile; fileRef = 4C824F6017964F5800C73849 /* Images.xcassets */; };
		4C824F6817964F5800C73849 /* XCTest.framework in Frameworks */ = {isa = PBXBuildFile; fileRef = 4C824F6717964F5800C73849 /* XCTest.framework */; };
		4C824F6917964F5800C73849 /* Foundation.framework in Frameworks */ = {isa = PBXBuildFile; fileRef = 4C824F4817964F5800C73849 /* Foundation.framework */; };
		4C824F6A17964F5800C73849 /* UIKit.framework in Frameworks */ = {isa = PBXBuildFile; fileRef = 4C824F4C17964F5800C73849 /* UIKit.framework */; };
		4C824F7217964F5800C73849 /* InfoPlist.strings in Resources */ = {isa = PBXBuildFile; fileRef = 4C824F7017964F5800C73849 /* InfoPlist.strings */; };
		4C824F7417964F5800C73849 /* OLLPLLTrainerTests.m in Sources */ = {isa = PBXBuildFile; fileRef = 4C824F7317964F5800C73849 /* OLLPLLTrainerTests.m */; };
		4CA1D816179CFDAA00C13ED4 /* Binary.m in Sources */ = {isa = PBXBuildFile; fileRef = 4CA1D815179CFDAA00C13ED4 /* Binary.m */; };
		4CD6C3B5179BB5CA0034ACF0 /* SelectPiecesViewController.m in Sources */ = {isa = PBXBuildFile; fileRef = 4CD6C3B4179BB5CA0034ACF0 /* SelectPiecesViewController.m */; };
		DF8B5FB2C7564CDF8B5023E6 /* libPods.a in Frameworks */ = {isa = PBXBuildFile; fileRef = B691DA97020C43EB8511F178 /* libPods.a */; };
/* End PBXBuildFile section */

/* Begin PBXContainerItemProxy section */
		4C824F6B17964F5800C73849 /* PBXContainerItemProxy */ = {
			isa = PBXContainerItemProxy;
			containerPortal = 4C824F3D17964F5800C73849 /* Project object */;
			proxyType = 1;
			remoteGlobalIDString = 4C824F4417964F5800C73849;
			remoteInfo = OLLPLLTrainer;
		};
/* End PBXContainerItemProxy section */

/* Begin PBXFileReference section */
		3632CEA6179D9F5E00AD10C8 /* OLL.h */ = {isa = PBXFileReference; fileEncoding = 4; lastKnownFileType = sourcecode.c.h; path = OLL.h; sourceTree = "<group>"; };
		3632CEA7179D9F5E00AD10C8 /* OLL.m */ = {isa = PBXFileReference; fileEncoding = 4; lastKnownFileType = sourcecode.c.objc; path = OLL.m; sourceTree = "<group>"; };
		36A2ED161799AE27004599CE /* OLLStoryboard.storyboard */ = {isa = PBXFileReference; fileEncoding = 4; lastKnownFileType = file.storyboard; path = OLLStoryboard.storyboard; sourceTree = "<group>"; };
		36A2ED181799AE35004599CE /* PLLStoryboard.storyboard */ = {isa = PBXFileReference; fileEncoding = 4; lastKnownFileType = file.storyboard; path = PLLStoryboard.storyboard; sourceTree = "<group>"; };
		36A2ED1C1799AF3D004599CE /* MainMenuViewController.h */ = {isa = PBXFileReference; fileEncoding = 4; lastKnownFileType = sourcecode.c.h; path = MainMenuViewController.h; sourceTree = "<group>"; };
		36A2ED1D1799AF3D004599CE /* MainMenuViewController.m */ = {isa = PBXFileReference; fileEncoding = 4; lastKnownFileType = sourcecode.c.objc; path = MainMenuViewController.m; sourceTree = "<group>"; };
		36A2ED291799C07B004599CE /* SettingsViewController.h */ = {isa = PBXFileReference; fileEncoding = 4; lastKnownFileType = sourcecode.c.h; name = SettingsViewController.h; path = ../SettingsViewController.h; sourceTree = "<group>"; };
		36A2ED2A1799C07B004599CE /* SettingsViewController.m */ = {isa = PBXFileReference; fileEncoding = 4; lastKnownFileType = sourcecode.c.objc; name = SettingsViewController.m; path = ../SettingsViewController.m; sourceTree = "<group>"; };
		36A2ED321799C165004599CE /* OLLDetailViewController.h */ = {isa = PBXFileReference; fileEncoding = 4; lastKnownFileType = sourcecode.c.h; path = OLLDetailViewController.h; sourceTree = "<group>"; };
		36A2ED331799C165004599CE /* OLLDetailViewController.m */ = {isa = PBXFileReference; fileEncoding = 4; lastKnownFileType = sourcecode.c.objc; path = OLLDetailViewController.m; sourceTree = "<group>"; };
		36A2ED351799C1B6004599CE /* OLLStatsViewController.h */ = {isa = PBXFileReference; fileEncoding = 4; lastKnownFileType = sourcecode.c.h; path = OLLStatsViewController.h; sourceTree = "<group>"; };
		36A2ED361799C1B6004599CE /* OLLStatsViewController.m */ = {isa = PBXFileReference; fileEncoding = 4; lastKnownFileType = sourcecode.c.objc; path = OLLStatsViewController.m; sourceTree = "<group>"; };
		36A2ED391799C26D004599CE /* WalkthroughViewController.h */ = {isa = PBXFileReference; fileEncoding = 4; lastKnownFileType = sourcecode.c.h; path = WalkthroughViewController.h; sourceTree = "<group>"; };
		36A2ED3A1799C26D004599CE /* WalkthroughViewController.m */ = {isa = PBXFileReference; fileEncoding = 4; lastKnownFileType = sourcecode.c.objc; path = WalkthroughViewController.m; sourceTree = "<group>"; };
		36A2ED3C1799C27B004599CE /* DebriefViewController.h */ = {isa = PBXFileReference; fileEncoding = 4; lastKnownFileType = sourcecode.c.h; path = DebriefViewController.h; sourceTree = "<group>"; };
		36A2ED3D1799C27B004599CE /* DebriefViewController.m */ = {isa = PBXFileReference; fileEncoding = 4; lastKnownFileType = sourcecode.c.objc; path = DebriefViewController.m; sourceTree = "<group>"; };
		4C1E2F5117965E7A006B7A7A /* QuartzCore.framework */ = {isa = PBXFileReference; lastKnownFileType = wrapper.framework; name = QuartzCore.framework; path = System/Library/Frameworks/QuartzCore.framework; sourceTree = SDKROOT; };
		4C3ACC8D1798BFD300772067 /* StorageManager.m */ = {isa = PBXFileReference; fileEncoding = 4; lastKnownFileType = sourcecode.c.objc; path = StorageManager.m; sourceTree = "<group>"; };
		4C3ACC8E1798BFD300772067 /* StorageManager.h */ = {isa = PBXFileReference; fileEncoding = 4; lastKnownFileType = sourcecode.c.h; path = StorageManager.h; sourceTree = "<group>"; };
		4C3ACC901798BFD300772067 /* AlgorithmData.xcdatamodel */ = {isa = PBXFileReference; lastKnownFileType = wrapper.xcdatamodel; path = AlgorithmData.xcdatamodel; sourceTree = "<group>"; };
		4C3ACC911798BFD300772067 /* PLL.h */ = {isa = PBXFileReference; fileEncoding = 4; lastKnownFileType = sourcecode.c.h; path = PLL.h; sourceTree = "<group>"; };
		4C3ACC921798BFD300772067 /* PLL.m */ = {isa = PBXFileReference; fileEncoding = 4; lastKnownFileType = sourcecode.c.objc; path = PLL.m; sourceTree = "<group>"; };
		4C3ACC931798BFD300772067 /* UserPLL.h */ = {isa = PBXFileReference; fileEncoding = 4; lastKnownFileType = sourcecode.c.h; path = UserPLL.h; sourceTree = "<group>"; };
		4C3ACC941798BFD300772067 /* UserPLL.m */ = {isa = PBXFileReference; fileEncoding = 4; lastKnownFileType = sourcecode.c.objc; path = UserPLL.m; sourceTree = "<group>"; };
		4C3ACC971798BFD300772067 /* UserOLL.h */ = {isa = PBXFileReference; fileEncoding = 4; lastKnownFileType = sourcecode.c.h; path = UserOLL.h; sourceTree = "<group>"; };
		4C3ACC981798BFD300772067 /* UserOLL.m */ = {isa = PBXFileReference; fileEncoding = 4; lastKnownFileType = sourcecode.c.objc; path = UserOLL.m; sourceTree = "<group>"; };
		4C3ACCA01798C05900772067 /* CoreData.framework */ = {isa = PBXFileReference; lastKnownFileType = wrapper.framework; name = CoreData.framework; path = System/Library/Frameworks/CoreData.framework; sourceTree = SDKROOT; };
		4C5FDAF3179E3FAD004D1A02 /* ImportOLL.sqlite */ = {isa = PBXFileReference; lastKnownFileType = file; path = ImportOLL.sqlite; sourceTree = SOURCE_ROOT; };
		4C824F4517964F5800C73849 /* OLLPLLTrainer.app */ = {isa = PBXFileReference; explicitFileType = wrapper.application; includeInIndex = 0; path = OLLPLLTrainer.app; sourceTree = BUILT_PRODUCTS_DIR; };
		4C824F4817964F5800C73849 /* Foundation.framework */ = {isa = PBXFileReference; lastKnownFileType = wrapper.framework; name = Foundation.framework; path = System/Library/Frameworks/Foundation.framework; sourceTree = SDKROOT; };
		4C824F4A17964F5800C73849 /* CoreGraphics.framework */ = {isa = PBXFileReference; lastKnownFileType = wrapper.framework; name = CoreGraphics.framework; path = System/Library/Frameworks/CoreGraphics.framework; sourceTree = SDKROOT; };
		4C824F4C17964F5800C73849 /* UIKit.framework */ = {isa = PBXFileReference; lastKnownFileType = wrapper.framework; name = UIKit.framework; path = System/Library/Frameworks/UIKit.framework; sourceTree = SDKROOT; };
		4C824F5017964F5800C73849 /* OLLPLLTrainer-Info.plist */ = {isa = PBXFileReference; lastKnownFileType = text.plist.xml; path = "OLLPLLTrainer-Info.plist"; sourceTree = "<group>"; };
		4C824F5217964F5800C73849 /* en */ = {isa = PBXFileReference; lastKnownFileType = text.plist.strings; name = en; path = en.lproj/InfoPlist.strings; sourceTree = "<group>"; };
		4C824F5417964F5800C73849 /* main.m */ = {isa = PBXFileReference; lastKnownFileType = sourcecode.c.objc; path = main.m; sourceTree = "<group>"; };
		4C824F5617964F5800C73849 /* OLLPLLTrainer-Prefix.pch */ = {isa = PBXFileReference; lastKnownFileType = sourcecode.c.h; path = "OLLPLLTrainer-Prefix.pch"; sourceTree = "<group>"; };
		4C824F5717964F5800C73849 /* AppDelegate.h */ = {isa = PBXFileReference; lastKnownFileType = sourcecode.c.h; path = AppDelegate.h; sourceTree = "<group>"; };
		4C824F5817964F5800C73849 /* AppDelegate.m */ = {isa = PBXFileReference; lastKnownFileType = sourcecode.c.objc; path = AppDelegate.m; sourceTree = "<group>"; };
		4C824F5B17964F5800C73849 /* Base */ = {isa = PBXFileReference; lastKnownFileType = file.storyboard; name = Base; path = Base.lproj/Main.storyboard; sourceTree = "<group>"; };
		4C824F6017964F5800C73849 /* Images.xcassets */ = {isa = PBXFileReference; lastKnownFileType = folder.assetcatalog; path = Images.xcassets; sourceTree = "<group>"; };
		4C824F6617964F5800C73849 /* OLLPLLTrainerTests.xctest */ = {isa = PBXFileReference; explicitFileType = wrapper.cfbundle; includeInIndex = 0; path = OLLPLLTrainerTests.xctest; sourceTree = BUILT_PRODUCTS_DIR; };
		4C824F6717964F5800C73849 /* XCTest.framework */ = {isa = PBXFileReference; lastKnownFileType = wrapper.framework; name = XCTest.framework; path = Library/Frameworks/XCTest.framework; sourceTree = DEVELOPER_DIR; };
		4C824F6F17964F5800C73849 /* OLLPLLTrainerTests-Info.plist */ = {isa = PBXFileReference; lastKnownFileType = text.plist.xml; path = "OLLPLLTrainerTests-Info.plist"; sourceTree = "<group>"; };
		4C824F7117964F5800C73849 /* en */ = {isa = PBXFileReference; lastKnownFileType = text.plist.strings; name = en; path = en.lproj/InfoPlist.strings; sourceTree = "<group>"; };
		4C824F7317964F5800C73849 /* OLLPLLTrainerTests.m */ = {isa = PBXFileReference; lastKnownFileType = sourcecode.c.objc; path = OLLPLLTrainerTests.m; sourceTree = "<group>"; };
		4CA1D814179CFDAA00C13ED4 /* Binary.h */ = {isa = PBXFileReference; fileEncoding = 4; lastKnownFileType = sourcecode.c.h; path = Binary.h; sourceTree = "<group>"; };
		4CA1D815179CFDAA00C13ED4 /* Binary.m */ = {isa = PBXFileReference; fileEncoding = 4; lastKnownFileType = sourcecode.c.objc; path = Binary.m; sourceTree = "<group>"; };
		4CD6C3B3179BB5CA0034ACF0 /* SelectPiecesViewController.h */ = {isa = PBXFileReference; fileEncoding = 4; lastKnownFileType = sourcecode.c.h; name = SelectPiecesViewController.h; path = ../SelectPiecesViewController.h; sourceTree = "<group>"; };
		4CD6C3B4179BB5CA0034ACF0 /* SelectPiecesViewController.m */ = {isa = PBXFileReference; fileEncoding = 4; lastKnownFileType = sourcecode.c.objc; name = SelectPiecesViewController.m; path = ../SelectPiecesViewController.m; sourceTree = "<group>"; };
		B691DA97020C43EB8511F178 /* libPods.a */ = {isa = PBXFileReference; explicitFileType = archive.ar; includeInIndex = 0; path = libPods.a; sourceTree = BUILT_PRODUCTS_DIR; };
		EB46AEAC6DAE4D509E40D7AE /* Pods/Pods.xcconfig */ = {isa = PBXFileReference; includeInIndex = 1; lastKnownFileType = text.xcconfig; path = Pods/Pods.xcconfig; sourceTree = SOURCE_ROOT; };
/* End PBXFileReference section */

/* Begin PBXFrameworksBuildPhase section */
		4C824F4217964F5800C73849 /* Frameworks */ = {
			isa = PBXFrameworksBuildPhase;
			buildActionMask = 2147483647;
			files = (
				4C3ACCA11798C05900772067 /* CoreData.framework in Frameworks */,
				4C1E2F5217965E7A006B7A7A /* QuartzCore.framework in Frameworks */,
				4C824F4B17964F5800C73849 /* CoreGraphics.framework in Frameworks */,
				4C824F4D17964F5800C73849 /* UIKit.framework in Frameworks */,
				4C824F4917964F5800C73849 /* Foundation.framework in Frameworks */,
				DF8B5FB2C7564CDF8B5023E6 /* libPods.a in Frameworks */,
			);
			runOnlyForDeploymentPostprocessing = 0;
		};
		4C824F6317964F5800C73849 /* Frameworks */ = {
			isa = PBXFrameworksBuildPhase;
			buildActionMask = 2147483647;
			files = (
				4C824F6817964F5800C73849 /* XCTest.framework in Frameworks */,
				4C824F6A17964F5800C73849 /* UIKit.framework in Frameworks */,
				4C824F6917964F5800C73849 /* Foundation.framework in Frameworks */,
			);
			runOnlyForDeploymentPostprocessing = 0;
		};
/* End PBXFrameworksBuildPhase section */

/* Begin PBXGroup section */
		36A2ED1A1799AE41004599CE /* View */ = {
			isa = PBXGroup;
			children = (
				4C824F5A17964F5800C73849 /* Main.storyboard */,
				36A2ED161799AE27004599CE /* OLLStoryboard.storyboard */,
				36A2ED181799AE35004599CE /* PLLStoryboard.storyboard */,
			);
			name = View;
			sourceTree = "<group>";
		};
		36A2ED1B1799AE6A004599CE /* Assets */ = {
			isa = PBXGroup;
			children = (
			);
			name = Assets;
			sourceTree = "<group>";
		};
		36A2ED1F1799B35C004599CE /* Controllers */ = {
			isa = PBXGroup;
			children = (
				36A2ED381799C1DF004599CE /* OLL */,
				36A2ED291799C07B004599CE /* SettingsViewController.h */,
				36A2ED2A1799C07B004599CE /* SettingsViewController.m */,
				36A2ED1C1799AF3D004599CE /* MainMenuViewController.h */,
				36A2ED1D1799AF3D004599CE /* MainMenuViewController.m */,
			);
			name = Controllers;
			sourceTree = "<group>";
		};
		36A2ED381799C1DF004599CE /* OLL */ = {
			isa = PBXGroup;
			children = (
				4CD6C3B3179BB5CA0034ACF0 /* SelectPiecesViewController.h */,
				4CD6C3B4179BB5CA0034ACF0 /* SelectPiecesViewController.m */,
				36A2ED321799C165004599CE /* OLLDetailViewController.h */,
				36A2ED331799C165004599CE /* OLLDetailViewController.m */,
				36A2ED351799C1B6004599CE /* OLLStatsViewController.h */,
				36A2ED361799C1B6004599CE /* OLLStatsViewController.m */,
				36A2ED391799C26D004599CE /* WalkthroughViewController.h */,
				36A2ED3A1799C26D004599CE /* WalkthroughViewController.m */,
				36A2ED3C1799C27B004599CE /* DebriefViewController.h */,
				36A2ED3D1799C27B004599CE /* DebriefViewController.m */,
			);
			name = OLL;
			sourceTree = "<group>";
		};
		4C3ACC9F1798BFD600772067 /* Model */ = {
			isa = PBXGroup;
			children = (
				4C5FDAF3179E3FAD004D1A02 /* ImportOLL.sqlite */,
				4C824F5717964F5800C73849 /* AppDelegate.h */,
				4C824F5817964F5800C73849 /* AppDelegate.m */,
				4C3ACC8E1798BFD300772067 /* StorageManager.h */,
				4C3ACC8D1798BFD300772067 /* StorageManager.m */,
				4C3ACC8F1798BFD300772067 /* AlgorithmData.xcdatamodeld */,
				3632CEA6179D9F5E00AD10C8 /* OLL.h */,
				3632CEA7179D9F5E00AD10C8 /* OLL.m */,
				4CA1D814179CFDAA00C13ED4 /* Binary.h */,
				4CA1D815179CFDAA00C13ED4 /* Binary.m */,
				4C3ACC971798BFD300772067 /* UserOLL.h */,
				4C3ACC981798BFD300772067 /* UserOLL.m */,
				4C3ACC911798BFD300772067 /* PLL.h */,
				4C3ACC921798BFD300772067 /* PLL.m */,
				4C3ACC931798BFD300772067 /* UserPLL.h */,
				4C3ACC941798BFD300772067 /* UserPLL.m */,
			);
			name = Model;
			sourceTree = "<group>";
		};
		4C824F3C17964F5800C73849 = {
			isa = PBXGroup;
			children = (
				4C824F4E17964F5800C73849 /* OLLPLLTrainer */,
				4C824F6D17964F5800C73849 /* OLLPLLTrainerTests */,
				4C824F4717964F5800C73849 /* Frameworks */,
				4C824F4617964F5800C73849 /* Products */,
				EB46AEAC6DAE4D509E40D7AE /* Pods/Pods.xcconfig */,
			);
			sourceTree = "<group>";
		};
		4C824F4617964F5800C73849 /* Products */ = {
			isa = PBXGroup;
			children = (
				4C824F4517964F5800C73849 /* OLLPLLTrainer.app */,
				4C824F6617964F5800C73849 /* OLLPLLTrainerTests.xctest */,
			);
			name = Products;
			sourceTree = "<group>";
		};
		4C824F4717964F5800C73849 /* Frameworks */ = {
			isa = PBXGroup;
			children = (
				4C3ACCA01798C05900772067 /* CoreData.framework */,
				4C1E2F5117965E7A006B7A7A /* QuartzCore.framework */,
				4C824F4817964F5800C73849 /* Foundation.framework */,
				4C824F4A17964F5800C73849 /* CoreGraphics.framework */,
				4C824F4C17964F5800C73849 /* UIKit.framework */,
				4C824F6717964F5800C73849 /* XCTest.framework */,
				B691DA97020C43EB8511F178 /* libPods.a */,
			);
			name = Frameworks;
			sourceTree = "<group>";
		};
		4C824F4E17964F5800C73849 /* OLLPLLTrainer */ = {
			isa = PBXGroup;
			children = (
				4C3ACC9F1798BFD600772067 /* Model */,
				36A2ED1A1799AE41004599CE /* View */,
				36A2ED1F1799B35C004599CE /* Controllers */,
				4C824F4F17964F5800C73849 /* Supporting Files */,
			);
			path = OLLPLLTrainer;
			sourceTree = "<group>";
		};
		4C824F4F17964F5800C73849 /* Supporting Files */ = {
			isa = PBXGroup;
			children = (
				36A2ED1B1799AE6A004599CE /* Assets */,
				4C824F6017964F5800C73849 /* Images.xcassets */,
				4C824F5017964F5800C73849 /* OLLPLLTrainer-Info.plist */,
				4C824F5117964F5800C73849 /* InfoPlist.strings */,
				4C824F5417964F5800C73849 /* main.m */,
				4C824F5617964F5800C73849 /* OLLPLLTrainer-Prefix.pch */,
			);
			name = "Supporting Files";
			sourceTree = "<group>";
		};
		4C824F6D17964F5800C73849 /* OLLPLLTrainerTests */ = {
			isa = PBXGroup;
			children = (
				4C824F7317964F5800C73849 /* OLLPLLTrainerTests.m */,
				4C824F6E17964F5800C73849 /* Supporting Files */,
			);
			path = OLLPLLTrainerTests;
			sourceTree = "<group>";
		};
		4C824F6E17964F5800C73849 /* Supporting Files */ = {
			isa = PBXGroup;
			children = (
				4C824F6F17964F5800C73849 /* OLLPLLTrainerTests-Info.plist */,
				4C824F7017964F5800C73849 /* InfoPlist.strings */,
			);
			name = "Supporting Files";
			sourceTree = "<group>";
		};
/* End PBXGroup section */

/* Begin PBXNativeTarget section */
		4C824F4417964F5800C73849 /* OLLPLLTrainer */ = {
			isa = PBXNativeTarget;
			buildConfigurationList = 4C824F7717964F5800C73849 /* Build configuration list for PBXNativeTarget "OLLPLLTrainer" */;
			buildPhases = (
				16F382BB3FF14E4FBC701010 /* Check Pods Manifest.lock */,
				4C824F4117964F5800C73849 /* Sources */,
				4C824F4217964F5800C73849 /* Frameworks */,
				4C824F4317964F5800C73849 /* Resources */,
				726BAF2610A342D7A0D03337 /* Copy Pods Resources */,
			);
			buildRules = (
			);
			dependencies = (
			);
			name = OLLPLLTrainer;
			productName = OLLPLLTrainer;
			productReference = 4C824F4517964F5800C73849 /* OLLPLLTrainer.app */;
			productType = "com.apple.product-type.application";
		};
		4C824F6517964F5800C73849 /* OLLPLLTrainerTests */ = {
			isa = PBXNativeTarget;
			buildConfigurationList = 4C824F7A17964F5800C73849 /* Build configuration list for PBXNativeTarget "OLLPLLTrainerTests" */;
			buildPhases = (
				4C824F6217964F5800C73849 /* Sources */,
				4C824F6317964F5800C73849 /* Frameworks */,
				4C824F6417964F5800C73849 /* Resources */,
			);
			buildRules = (
			);
			dependencies = (
				4C824F6C17964F5800C73849 /* PBXTargetDependency */,
			);
			name = OLLPLLTrainerTests;
			productName = OLLPLLTrainerTests;
			productReference = 4C824F6617964F5800C73849 /* OLLPLLTrainerTests.xctest */;
			productType = "com.apple.product-type.bundle.unit-test";
		};
/* End PBXNativeTarget section */

/* Begin PBXProject section */
		4C824F3D17964F5800C73849 /* Project object */ = {
			isa = PBXProject;
			attributes = {
				LastUpgradeCheck = 0500;
				ORGANIZATIONNAME = "Weston Chambers";
				TargetAttributes = {
					4C824F6517964F5800C73849 = {
						TestTargetID = 4C824F4417964F5800C73849;
					};
				};
			};
			buildConfigurationList = 4C824F4017964F5800C73849 /* Build configuration list for PBXProject "OLLPLLTrainer" */;
			compatibilityVersion = "Xcode 3.2";
			developmentRegion = English;
			hasScannedForEncodings = 0;
			knownRegions = (
				en,
				Base,
			);
			mainGroup = 4C824F3C17964F5800C73849;
			productRefGroup = 4C824F4617964F5800C73849 /* Products */;
			projectDirPath = "";
			projectRoot = "";
			targets = (
				4C824F4417964F5800C73849 /* OLLPLLTrainer */,
				4C824F6517964F5800C73849 /* OLLPLLTrainerTests */,
			);
		};
/* End PBXProject section */

/* Begin PBXResourcesBuildPhase section */
		4C824F4317964F5800C73849 /* Resources */ = {
			isa = PBXResourcesBuildPhase;
			buildActionMask = 2147483647;
			files = (
				4C5FDAF4179E3FAD004D1A02 /* ImportOLL.sqlite in Resources */,
				36A2ED191799AE36004599CE /* PLLStoryboard.storyboard in Resources */,
				36A2ED171799AE27004599CE /* OLLStoryboard.storyboard in Resources */,
				4C824F6117964F5800C73849 /* Images.xcassets in Resources */,
				4C824F5317964F5800C73849 /* InfoPlist.strings in Resources */,
				4C824F5C17964F5800C73849 /* Main.storyboard in Resources */,
			);
			runOnlyForDeploymentPostprocessing = 0;
		};
		4C824F6417964F5800C73849 /* Resources */ = {
			isa = PBXResourcesBuildPhase;
			buildActionMask = 2147483647;
			files = (
				4C824F7217964F5800C73849 /* InfoPlist.strings in Resources */,
			);
			runOnlyForDeploymentPostprocessing = 0;
		};
/* End PBXResourcesBuildPhase section */

/* Begin PBXShellScriptBuildPhase section */
		16F382BB3FF14E4FBC701010 /* Check Pods Manifest.lock */ = {
			isa = PBXShellScriptBuildPhase;
			buildActionMask = 2147483647;
			files = (
			);
			inputPaths = (
			);
			name = "Check Pods Manifest.lock";
			outputPaths = (
			);
			runOnlyForDeploymentPostprocessing = 0;
			shellPath = /bin/sh;
			shellScript = "diff \"${PODS_ROOT}/../Podfile.lock\" \"${PODS_ROOT}/Manifest.lock\" > /dev/null\nif [[ $? != 0 ]] ; then\n    cat << EOM\nerror: The sandbox is not in sync with the Podfile.lock. Run 'pod install' or update your CocoaPods installation.\nEOM\n    exit 1\nfi\n";
			showEnvVarsInLog = 0;
		};
		726BAF2610A342D7A0D03337 /* Copy Pods Resources */ = {
			isa = PBXShellScriptBuildPhase;
			buildActionMask = 2147483647;
			files = (
			);
			inputPaths = (
			);
			name = "Copy Pods Resources";
			outputPaths = (
			);
			runOnlyForDeploymentPostprocessing = 0;
			shellPath = /bin/sh;
			shellScript = "\"${SRCROOT}/Pods/Pods-resources.sh\"\n";
			showEnvVarsInLog = 0;
		};
/* End PBXShellScriptBuildPhase section */

/* Begin PBXSourcesBuildPhase section */
		4C824F4117964F5800C73849 /* Sources */ = {
			isa = PBXSourcesBuildPhase;
			buildActionMask = 2147483647;
			files = (
				4C3ACC9B1798BFD300772067 /* PLL.m in Sources */,
				4C3ACC9A1798BFD300772067 /* AlgorithmData.xcdatamodeld in Sources */,
				36A2ED371799C1B6004599CE /* OLLStatsViewController.m in Sources */,
				36A2ED3B1799C26D004599CE /* WalkthroughViewController.m in Sources */,
				36A2ED3E1799C27B004599CE /* DebriefViewController.m in Sources */,
				4C3ACC9C1798BFD300772067 /* UserPLL.m in Sources */,
				36A2ED1E1799AF3D004599CE /* MainMenuViewController.m in Sources */,
				4C824F5917964F5800C73849 /* AppDelegate.m in Sources */,
				3632CEA8179D9F5E00AD10C8 /* OLL.m in Sources */,
				4CD6C3B5179BB5CA0034ACF0 /* SelectPiecesViewController.m in Sources */,
				4CA1D816179CFDAA00C13ED4 /* Binary.m in Sources */,
				4C3ACC991798BFD300772067 /* StorageManager.m in Sources */,
				36A2ED341799C165004599CE /* OLLDetailViewController.m in Sources */,
				4C824F5517964F5800C73849 /* main.m in Sources */,
				4C3ACC9E1798BFD300772067 /* UserOLL.m in Sources */,
				36A2ED2B1799C07B004599CE /* SettingsViewController.m in Sources */,
			);
			runOnlyForDeploymentPostprocessing = 0;
		};
		4C824F6217964F5800C73849 /* Sources */ = {
			isa = PBXSourcesBuildPhase;
			buildActionMask = 2147483647;
			files = (
				4C824F7417964F5800C73849 /* OLLPLLTrainerTests.m in Sources */,
			);
			runOnlyForDeploymentPostprocessing = 0;
		};
/* End PBXSourcesBuildPhase section */

/* Begin PBXTargetDependency section */
		4C824F6C17964F5800C73849 /* PBXTargetDependency */ = {
			isa = PBXTargetDependency;
			target = 4C824F4417964F5800C73849 /* OLLPLLTrainer */;
			targetProxy = 4C824F6B17964F5800C73849 /* PBXContainerItemProxy */;
		};
/* End PBXTargetDependency section */

/* Begin PBXVariantGroup section */
		4C824F5117964F5800C73849 /* InfoPlist.strings */ = {
			isa = PBXVariantGroup;
			children = (
				4C824F5217964F5800C73849 /* en */,
			);
			name = InfoPlist.strings;
			sourceTree = "<group>";
		};
		4C824F5A17964F5800C73849 /* Main.storyboard */ = {
			isa = PBXVariantGroup;
			children = (
				4C824F5B17964F5800C73849 /* Base */,
			);
			name = Main.storyboard;
			sourceTree = "<group>";
		};
		4C824F7017964F5800C73849 /* InfoPlist.strings */ = {
			isa = PBXVariantGroup;
			children = (
				4C824F7117964F5800C73849 /* en */,
			);
			name = InfoPlist.strings;
			sourceTree = "<group>";
		};
/* End PBXVariantGroup section */

/* Begin XCBuildConfiguration section */
		4C824F7517964F5800C73849 /* Debug */ = {
			isa = XCBuildConfiguration;
			buildSettings = {
				ALWAYS_SEARCH_USER_PATHS = NO;
				CLANG_CXX_LANGUAGE_STANDARD = "gnu++0x";
				CLANG_CXX_LIBRARY = "libc++";
				CLANG_ENABLE_MODULES = YES;
				CLANG_ENABLE_OBJC_ARC = YES;
				CLANG_WARN_BOOL_CONVERSION = YES;
				CLANG_WARN_CONSTANT_CONVERSION = YES;
				CLANG_WARN_DIRECT_OBJC_ISA_USAGE = YES_ERROR;
				CLANG_WARN_EMPTY_BODY = YES;
				CLANG_WARN_ENUM_CONVERSION = YES;
				CLANG_WARN_INT_CONVERSION = YES;
				CLANG_WARN_OBJC_ROOT_CLASS = YES_ERROR;
				CLANG_WARN__DUPLICATE_METHOD_MATCH = YES;
				"CODE_SIGN_IDENTITY[sdk=iphoneos*]" = "iPhone Developer";
				COPY_PHASE_STRIP = NO;
				GCC_C_LANGUAGE_STANDARD = gnu99;
				GCC_DYNAMIC_NO_PIC = NO;
				GCC_OPTIMIZATION_LEVEL = 0;
				GCC_PREPROCESSOR_DEFINITIONS = (
					"DEBUG=1",
					"$(inherited)",
				);
				GCC_SYMBOLS_PRIVATE_EXTERN = NO;
				GCC_WARN_ABOUT_RETURN_TYPE = YES_ERROR;
				GCC_WARN_UNDECLARED_SELECTOR = YES;
				GCC_WARN_UNINITIALIZED_AUTOS = YES;
				GCC_WARN_UNUSED_FUNCTION = YES;
				GCC_WARN_UNUSED_VARIABLE = YES;
				IPHONEOS_DEPLOYMENT_TARGET = 6.1;
				ONLY_ACTIVE_ARCH = YES;
				SDKROOT = iphoneos;
			};
			name = Debug;
		};
		4C824F7617964F5800C73849 /* Release */ = {
			isa = XCBuildConfiguration;
			buildSettings = {
				ALWAYS_SEARCH_USER_PATHS = NO;
				CLANG_CXX_LANGUAGE_STANDARD = "gnu++0x";
				CLANG_CXX_LIBRARY = "libc++";
				CLANG_ENABLE_MODULES = YES;
				CLANG_ENABLE_OBJC_ARC = YES;
				CLANG_WARN_BOOL_CONVERSION = YES;
				CLANG_WARN_CONSTANT_CONVERSION = YES;
				CLANG_WARN_DIRECT_OBJC_ISA_USAGE = YES_ERROR;
				CLANG_WARN_EMPTY_BODY = YES;
				CLANG_WARN_ENUM_CONVERSION = YES;
				CLANG_WARN_INT_CONVERSION = YES;
				CLANG_WARN_OBJC_ROOT_CLASS = YES_ERROR;
				CLANG_WARN__DUPLICATE_METHOD_MATCH = YES;
				"CODE_SIGN_IDENTITY[sdk=iphoneos*]" = "iPhone Developer";
				COPY_PHASE_STRIP = YES;
				ENABLE_NS_ASSERTIONS = NO;
				GCC_C_LANGUAGE_STANDARD = gnu99;
				GCC_WARN_ABOUT_RETURN_TYPE = YES_ERROR;
				GCC_WARN_UNDECLARED_SELECTOR = YES;
				GCC_WARN_UNINITIALIZED_AUTOS = YES;
				GCC_WARN_UNUSED_FUNCTION = YES;
				GCC_WARN_UNUSED_VARIABLE = YES;
				IPHONEOS_DEPLOYMENT_TARGET = 6.1;
				SDKROOT = iphoneos;
				VALIDATE_PRODUCT = YES;
			};
			name = Release;
		};
		4C824F7817964F5800C73849 /* Debug */ = {
			isa = XCBuildConfiguration;
			baseConfigurationReference = EB46AEAC6DAE4D509E40D7AE /* Pods/Pods.xcconfig */;
			buildSettings = {
				ASSETCATALOG_COMPILER_APPICON_NAME = AppIcon;
				ASSETCATALOG_COMPILER_LAUNCHIMAGE_NAME = LaunchImage;
				"CODE_SIGN_IDENTITY[sdk=iphoneos*]" = "iPhone Developer";
				GCC_PRECOMPILE_PREFIX_HEADER = YES;
				GCC_PREFIX_HEADER = "OLLPLLTrainer/OLLPLLTrainer-Prefix.pch";
				INFOPLIST_FILE = "OLLPLLTrainer/OLLPLLTrainer-Info.plist";
				IPHONEOS_DEPLOYMENT_TARGET = 6.1;
				PRODUCT_NAME = "$(TARGET_NAME)";
				WRAPPER_EXTENSION = app;
			};
			name = Debug;
		};
		4C824F7917964F5800C73849 /* Release */ = {
			isa = XCBuildConfiguration;
			baseConfigurationReference = EB46AEAC6DAE4D509E40D7AE /* Pods/Pods.xcconfig */;
			buildSettings = {
				ASSETCATALOG_COMPILER_APPICON_NAME = AppIcon;
				ASSETCATALOG_COMPILER_LAUNCHIMAGE_NAME = LaunchImage;
				"CODE_SIGN_IDENTITY[sdk=iphoneos*]" = "iPhone Developer";
				GCC_PRECOMPILE_PREFIX_HEADER = YES;
				GCC_PREFIX_HEADER = "OLLPLLTrainer/OLLPLLTrainer-Prefix.pch";
				INFOPLIST_FILE = "OLLPLLTrainer/OLLPLLTrainer-Info.plist";
				IPHONEOS_DEPLOYMENT_TARGET = 6.1;
				PRODUCT_NAME = "$(TARGET_NAME)";
				WRAPPER_EXTENSION = app;
			};
			name = Release;
		};
		4C824F7B17964F5800C73849 /* Debug */ = {
			isa = XCBuildConfiguration;
			buildSettings = {
				BUNDLE_LOADER = "$(BUILT_PRODUCTS_DIR)/OLLPLLTrainer.app/OLLPLLTrainer";
				FRAMEWORK_SEARCH_PATHS = (
					"$(SDKROOT)/Developer/Library/Frameworks",
					"$(inherited)",
					"$(SYSTEM_APPS_DIR)/Xcode5-DP3.app/Contents/Developer/Library/Frameworks",
				);
				GCC_PRECOMPILE_PREFIX_HEADER = YES;
				GCC_PREFIX_HEADER = "OLLPLLTrainer/OLLPLLTrainer-Prefix.pch";
				GCC_PREPROCESSOR_DEFINITIONS = (
					"DEBUG=1",
					"$(inherited)",
				);
				INFOPLIST_FILE = "OLLPLLTrainerTests/OLLPLLTrainerTests-Info.plist";
				PRODUCT_NAME = "$(TARGET_NAME)";
				TEST_HOST = "$(BUNDLE_LOADER)";
				WRAPPER_EXTENSION = xctest;
			};
			name = Debug;
		};
		4C824F7C17964F5800C73849 /* Release */ = {
			isa = XCBuildConfiguration;
			buildSettings = {
				BUNDLE_LOADER = "$(BUILT_PRODUCTS_DIR)/OLLPLLTrainer.app/OLLPLLTrainer";
				FRAMEWORK_SEARCH_PATHS = (
					"$(SDKROOT)/Developer/Library/Frameworks",
					"$(inherited)",
					"$(SYSTEM_APPS_DIR)/Xcode5-DP3.app/Contents/Developer/Library/Frameworks",
				);
				GCC_PRECOMPILE_PREFIX_HEADER = YES;
				GCC_PREFIX_HEADER = "OLLPLLTrainer/OLLPLLTrainer-Prefix.pch";
				INFOPLIST_FILE = "OLLPLLTrainerTests/OLLPLLTrainerTests-Info.plist";
				PRODUCT_NAME = "$(TARGET_NAME)";
				TEST_HOST = "$(BUNDLE_LOADER)";
				WRAPPER_EXTENSION = xctest;
			};
			name = Release;
		};
/* End XCBuildConfiguration section */

/* Begin XCConfigurationList section */
		4C824F4017964F5800C73849 /* Build configuration list for PBXProject "OLLPLLTrainer" */ = {
			isa = XCConfigurationList;
			buildConfigurations = (
				4C824F7517964F5800C73849 /* Debug */,
				4C824F7617964F5800C73849 /* Release */,
			);
			defaultConfigurationIsVisible = 0;
			defaultConfigurationName = Release;
		};
		4C824F7717964F5800C73849 /* Build configuration list for PBXNativeTarget "OLLPLLTrainer" */ = {
			isa = XCConfigurationList;
			buildConfigurations = (
				4C824F7817964F5800C73849 /* Debug */,
				4C824F7917964F5800C73849 /* Release */,
			);
			defaultConfigurationIsVisible = 0;
			defaultConfigurationName = Release;
		};
		4C824F7A17964F5800C73849 /* Build configuration list for PBXNativeTarget "OLLPLLTrainerTests" */ = {
			isa = XCConfigurationList;
			buildConfigurations = (
				4C824F7B17964F5800C73849 /* Debug */,
				4C824F7C17964F5800C73849 /* Release */,
			);
			defaultConfigurationIsVisible = 0;
			defaultConfigurationName = Release;
		};
/* End XCConfigurationList section */

/* Begin XCVersionGroup section */
		4C3ACC8F1798BFD300772067 /* AlgorithmData.xcdatamodeld */ = {
			isa = XCVersionGroup;
			children = (
				4C3ACC901798BFD300772067 /* AlgorithmData.xcdatamodel */,
			);
			currentVersion = 4C3ACC901798BFD300772067 /* AlgorithmData.xcdatamodel */;
			path = AlgorithmData.xcdatamodeld;
			sourceTree = "<group>";
			versionGroupType = wrapper.xcdatamodel;
		};
/* End XCVersionGroup section */
	};
	rootObject = 4C824F3D17964F5800C73849 /* Project object */;
}
